// !$*UTF8*$!
{
	archiveVersion = 1;
	classes = {
	};
	objectVersion = 46;
	objects = {

/* Begin PBXBuildFile section */
		DAF6B0791DF9DA46008B0D5F /* AppDelegate.swift in Sources */ = {isa = PBXBuildFile; fileRef = DAF6B0781DF9DA46008B0D5F /* AppDelegate.swift */; };
		DAF6B07B1DF9DA46008B0D5F /* Assets.xcassets in Resources */ = {isa = PBXBuildFile; fileRef = DAF6B07A1DF9DA46008B0D5F /* Assets.xcassets */; };
		DAF6B07E1DF9DA46008B0D5F /* MainMenu.xib in Resources */ = {isa = PBXBuildFile; fileRef = DAF6B07C1DF9DA46008B0D5F /* MainMenu.xib */; };
/* End PBXBuildFile section */

/* Begin PBXFileReference section */
		DAF6B0751DF9DA46008B0D5F /* Doggy.app */ = {isa = PBXFileReference; explicitFileType = wrapper.application; includeInIndex = 0; path = Doggy.app; sourceTree = BUILT_PRODUCTS_DIR; };
		DAF6B0781DF9DA46008B0D5F /* AppDelegate.swift */ = {isa = PBXFileReference; lastKnownFileType = sourcecode.swift; path = AppDelegate.swift; sourceTree = "<group>"; };
		DAF6B07A1DF9DA46008B0D5F /* Assets.xcassets */ = {isa = PBXFileReference; lastKnownFileType = folder.assetcatalog; path = Assets.xcassets; sourceTree = "<group>"; };
		DAF6B07D1DF9DA46008B0D5F /* Base */ = {isa = PBXFileReference; lastKnownFileType = file.xib; name = Base; path = Base.lproj/MainMenu.xib; sourceTree = "<group>"; };
		DAF6B07F1DF9DA46008B0D5F /* Info.plist */ = {isa = PBXFileReference; lastKnownFileType = text.plist.xml; path = Info.plist; sourceTree = "<group>"; };
/* End PBXFileReference section */

/* Begin PBXFrameworksBuildPhase section */
		DAF6B0721DF9DA46008B0D5F /* Frameworks */ = {
			isa = PBXFrameworksBuildPhase;
			buildActionMask = 2147483647;
			files = (
			);
			runOnlyForDeploymentPostprocessing = 0;
		};
/* End PBXFrameworksBuildPhase section */

/* Begin PBXGroup section */
		DAF6B06C1DF9DA46008B0D5F = {
			isa = PBXGroup;
			children = (
				DAF6B0771DF9DA46008B0D5F /* Doggy */,
				DAF6B0761DF9DA46008B0D5F /* Products */,
			);
			sourceTree = "<group>";
		};
		DAF6B0761DF9DA46008B0D5F /* Products */ = {
			isa = PBXGroup;
			children = (
				DAF6B0751DF9DA46008B0D5F /* Doggy.app */,
			);
			name = Products;
			sourceTree = "<group>";
		};
		DAF6B0771DF9DA46008B0D5F /* Doggy */ = {
			isa = PBXGroup;
			children = (
				DAF6B0781DF9DA46008B0D5F /* AppDelegate.swift */,
				DAF6B07A1DF9DA46008B0D5F /* Assets.xcassets */,
				DAF6B07C1DF9DA46008B0D5F /* MainMenu.xib */,
				DAF6B07F1DF9DA46008B0D5F /* Info.plist */,
			);
			path = Doggy;
			sourceTree = "<group>";
		};
/* End PBXGroup section */

/* Begin PBXNativeTarget section */
		DAF6B0741DF9DA46008B0D5F /* Doggy */ = {
			isa = PBXNativeTarget;
			buildConfigurationList = DAF6B0821DF9DA46008B0D5F /* Build configuration list for PBXNativeTarget "Doggy" */;
			buildPhases = (
				DAF6B0711DF9DA46008B0D5F /* Sources */,
				DAF6B0721DF9DA46008B0D5F /* Frameworks */,
				DAF6B0731DF9DA46008B0D5F /* Resources */,
			);
			buildRules = (
			);
			dependencies = (
			);
			name = Doggy;
			productName = Doggy;
			productReference = DAF6B0751DF9DA46008B0D5F /* Doggy.app */;
			productType = "com.apple.product-type.application";
		};
/* End PBXNativeTarget section */

/* Begin PBXProject section */
		DAF6B06D1DF9DA46008B0D5F /* Project object */ = {
			isa = PBXProject;
			attributes = {
				LastSwiftUpdateCheck = 0810;
				LastUpgradeCheck = 0810;
				ORGANIZATIONNAME = "Paul Harper";
				TargetAttributes = {
					DAF6B0741DF9DA46008B0D5F = {
						CreatedOnToolsVersion = 8.1;
						ProvisioningStyle = Automatic;
					};
				};
			};
			buildConfigurationList = DAF6B0701DF9DA46008B0D5F /* Build configuration list for PBXProject "Doggy" */;
			compatibilityVersion = "Xcode 3.2";
			developmentRegion = English;
			hasScannedForEncodings = 0;
			knownRegions = (
				en,
				Base,
			);
			mainGroup = DAF6B06C1DF9DA46008B0D5F;
			productRefGroup = DAF6B0761DF9DA46008B0D5F /* Products */;
			projectDirPath = "";
			projectRoot = "";
			targets = (
				DAF6B0741DF9DA46008B0D5F /* Doggy */,
			);
		};
/* End PBXProject section */

/* Begin PBXResourcesBuildPhase section */
		DAF6B0731DF9DA46008B0D5F /* Resources */ = {
			isa = PBXResourcesBuildPhase;
			buildActionMask = 2147483647;
			files = (
				DAF6B07B1DF9DA46008B0D5F /* Assets.xcassets in Resources */,
				DAF6B07E1DF9DA46008B0D5F /* MainMenu.xib in Resources */,
			);
			runOnlyForDeploymentPostprocessing = 0;
		};
/* End PBXResourcesBuildPhase section */

/* Begin PBXSourcesBuildPhase section */
		DAF6B0711DF9DA46008B0D5F /* Sources */ = {
			isa = PBXSourcesBuildPhase;
			buildActionMask = 2147483647;
			files = (
				DAF6B0791DF9DA46008B0D5F /* AppDelegate.swift in Sources */,
			);
			runOnlyForDeploymentPostprocessing = 0;
		};
/* End PBXSourcesBuildPhase section */

/* Begin PBXVariantGroup section */
		DAF6B07C1DF9DA46008B0D5F /* MainMenu.xib */ = {
			isa = PBXVariantGroup;
			children = (
				DAF6B07D1DF9DA46008B0D5F /* Base */,
			);
			name = MainMenu.xib;
			sourceTree = "<group>";
		};
/* End PBXVariantGroup section */

/* Begin XCBuildConfiguration section */
		DAF6B0801DF9DA46008B0D5F /* Debug */ = {
			isa = XCBuildConfiguration;
			buildSettings = {
				ALWAYS_SEARCH_USER_PATHS = NO;
				CLANG_ANALYZER_NONNULL = YES;
				CLANG_CXX_LANGUAGE_STANDARD = "gnu++0x";
				CLANG_CXX_LIBRARY = "libc++";
				CLANG_ENABLE_MODULES = YES;
				CLANG_ENABLE_OBJC_ARC = YES;
				CLANG_WARN_BOOL_CONVERSION = YES;
				CLANG_WARN_CONSTANT_CONVERSION = YES;
				CLANG_WARN_DIRECT_OBJC_ISA_USAGE = YES_ERROR;
				CLANG_WARN_DOCUMENTATION_COMMENTS = YES;
				CLANG_WARN_EMPTY_BODY = YES;
				CLANG_WARN_ENUM_CONVERSION = YES;
				CLANG_WARN_INFINITE_RECURSION = YES;
				CLANG_WARN_INT_CONVERSION = YES;
				CLANG_WARN_OBJC_ROOT_CLASS = YES_ERROR;
				CLANG_WARN_SUSPICIOUS_MOVES = YES;
				CLANG_WARN_UNREACHABLE_CODE = YES;
				CLANG_WARN__DUPLICATE_METHOD_MATCH = YES;
				CODE_SIGN_IDENTITY = "-";
				COPY_PHASE_STRIP = NO;
				DEBUG_INFORMATION_FORMAT = dwarf;
				ENABLE_STRICT_OBJC_MSGSEND = YES;
				ENABLE_TESTABILITY = YES;
				GCC_C_LANGUAGE_STANDARD = gnu99;
				GCC_DYNAMIC_NO_PIC = NO;
				GCC_NO_COMMON_BLOCKS = YES;
				GCC_OPTIMIZATION_LEVEL = 0;
				GCC_PREPROCESSOR_DEFINITIONS = (
					"DEBUG=1",
					"$(inherited)",
				);
				GCC_WARN_64_TO_32_BIT_CONVERSION = YES;
				GCC_WARN_ABOUT_RETURN_TYPE = YES_ERROR;
				GCC_WARN_UNDECLARED_SELECTOR = YES;
				GCC_WARN_UNINITIALIZED_AUTOS = YES_AGGRESSIVE;
				GCC_WARN_UNUSED_FUNCTION = YES;
				GCC_WARN_UNUSED_VARIABLE = YES;
				MACOSX_DEPLOYMENT_TARGET = 10.12;
				MTL_ENABLE_DEBUG_INFO = YES;
				ONLY_ACTIVE_ARCH = YES;
				SDKROOT = macosx;
				SWIFT_ACTIVE_COMPILATION_CONDITIONS = DEBUG;
				SWIFT_OPTIMIZATION_LEVEL = "-Onone";
			};
			name = Debug;
		};
		DAF6B0811DF9DA46008B0D5F /* Release */ = {
			isa = XCBuildConfiguration;
			buildSettings = {
				ALWAYS_SEARCH_USER_PATHS = NO;
				CLANG_ANALYZER_NONNULL = YES;
				CLANG_CXX_LANGUAGE_STANDARD = "gnu++0x";
				CLANG_CXX_LIBRARY = "libc++";
				CLANG_ENABLE_MODULES = YES;
				CLANG_ENABLE_OBJC_ARC = YES;
				CLANG_WARN_BOOL_CONVERSION = YES;
				CLANG_WARN_CONSTANT_CONVERSION = YES;
				CLANG_WARN_DIRECT_OBJC_ISA_USAGE = YES_ERROR;
				CLANG_WARN_DOCUMENTATION_COMMENTS = YES;
				CLANG_WARN_EMPTY_BODY = YES;
				CLANG_WARN_ENUM_CONVERSION = YES;
				CLANG_WARN_INFINITE_RECURSION = YES;
				CLANG_WARN_INT_CONVERSION = YES;
				CLANG_WARN_OBJC_ROOT_CLASS = YES_ERROR;
				CLANG_WARN_SUSPICIOUS_MOVES = YES;
				CLANG_WARN_UNREACHABLE_CODE = YES;
				CLANG_WARN__DUPLICATE_METHOD_MATCH = YES;
				CODE_SIGN_IDENTITY = "-";
				COPY_PHASE_STRIP = NO;
				DEBUG_INFORMATION_FORMAT = "dwarf-with-dsym";
				ENABLE_NS_ASSERTIONS = NO;
				ENABLE_STRICT_OBJC_MSGSEND = YES;
				GCC_C_LANGUAGE_STANDARD = gnu99;
				GCC_NO_COMMON_BLOCKS = YES;
				GCC_WARN_64_TO_32_BIT_CONVERSION = YES;
				GCC_WARN_ABOUT_RETURN_TYPE = YES_ERROR;
				GCC_WARN_UNDECLARED_SELECTOR = YES;
				GCC_WARN_UNINITIALIZED_AUTOS = YES_AGGRESSIVE;
				GCC_WARN_UNUSED_FUNCTION = YES;
				GCC_WARN_UNUSED_VARIABLE = YES;
				MACOSX_DEPLOYMENT_TARGET = 10.12;
				MTL_ENABLE_DEBUG_INFO = NO;
				SDKROOT = macosx;
				SWIFT_OPTIMIZATION_LEVEL = "-Owholemodule";
			};
			name = Release;
		};
		DAF6B0831DF9DA46008B0D5F /* Debug */ = {
			isa = XCBuildConfiguration;
			buildSettings = {
				ASSETCATALOG_COMPILER_APPICON_NAME = AppIcon;
				COMBINE_HIDPI_IMAGES = YES;
				INFOPLIST_FILE = Doggy/Info.plist;
				LD_RUNPATH_SEARCH_PATHS = "$(inherited) @executable_path/../Frameworks";
				PRODUCT_BUNDLE_IDENTIFIER = com.benekastah.Doggy;
				PRODUCT_NAME = "$(TARGET_NAME)";
				SWIFT_VERSION = 3.0;
			};
			name = Debug;
		};
		DAF6B0841DF9DA46008B0D5F /* Release */ = {
			isa = XCBuildConfiguration;
			buildSettings = {
				ASSETCATALOG_COMPILER_APPICON_NAME = AppIcon;
				COMBINE_HIDPI_IMAGES = YES;
				INFOPLIST_FILE = Doggy/Info.plist;
				LD_RUNPATH_SEARCH_PATHS = "$(inherited) @executable_path/../Frameworks";
				PRODUCT_BUNDLE_IDENTIFIER = com.benekastah.Doggy;
				PRODUCT_NAME = "$(TARGET_NAME)";
				SWIFT_VERSION = 3.0;
			};
			name = Release;
		};
/* End XCBuildConfiguration section */

/* Begin XCConfigurationList section */
		DAF6B0701DF9DA46008B0D5F /* Build configuration list for PBXProject "Doggy" */ = {
			isa = XCConfigurationList;
			buildConfigurations = (
				DAF6B0801DF9DA46008B0D5F /* Debug */,
				DAF6B0811DF9DA46008B0D5F /* Release */,
			);
			defaultConfigurationIsVisible = 0;
			defaultConfigurationName = Release;
		};
		DAF6B0821DF9DA46008B0D5F /* Build configuration list for PBXNativeTarget "Doggy" */ = {
			isa = XCConfigurationList;
			buildConfigurations = (
				DAF6B0831DF9DA46008B0D5F /* Debug */,
				DAF6B0841DF9DA46008B0D5F /* Release */,
			);
			defaultConfigurationIsVisible = 0;
		};
/* End XCConfigurationList section */
	};
	rootObject = DAF6B06D1DF9DA46008B0D5F /* Project object */;
}
